{
  "name": "blog-custom-css-and-js-write.as",
  "version": "1.0.0",
  "lockfileVersion": 3,
  "requires": true,
  "packages": {
    "": {
      "devDependencies": {
        "@openjck/prettier-config": "^1.0.2",
        "prettier": "^3.7.4"
      }
    },
    "node_modules/@openjck/prettier-config": {
      "version": "1.0.2",
      "resolved": "https://registry.npmjs.org/@openjck/prettier-config/-/prettier-config-1.0.2.tgz",
      "integrity": "sha512-wHL5rvPVs4nZz8yWGlCg26B31p5mOz8bVhymD4D2C6mVWQWW3QJdlTLVJhmjceIhxZ5WXGUuwB3tmQSTuBwrVw==",
      "dev": true,
      "license": "MIT",
      "peerDependencies": {
        "prettier": ">=1.8.2"
      }
    },
    "node_modules/prettier": {
      "version": "3.7.4",
      "resolved": "https://registry.npmjs.org/prettier/-/prettier-3.7.4.tgz",
      "integrity": "sha512-v6UNi1+3hSlVvv8fSaoUbggEM5VErKmmpGA7Pl3HF8V6uKY7rvClBOJlH6yNwQtfTueNkGVpOv/mtWL9L4bgRA==",
      "dev": true,
      "license": "MIT",
      "bin": {
        "prettier": "bin/prettier.cjs"
      },
      "engines": {
        "node": ">=14"
      },
      "funding": {
        "url": "https://github.com/prettier/prettier?sponsor=1"
      }
    }
  }
}
